
Microsoft Visual Studio Solution File, Format Version 12.00
# Visual Studio Version 16
VisualStudioVersion = 16.0.31613.86
MinimumVisualStudioVersion = 10.0.40219.1
Project("{FAE04EC0-301F-11D3-BF4B-00C04F79EFBC}") = "HideButtons", "HideButtons.csproj", "{460FF3BB-233F-4A4C-9A40-A7C84500E952}"
EndProject
Global
	GlobalSection(SolutionConfigurationPlatforms) = preSolution
		Debug|Any CPU = Debug|Any CPU
		Release|Any CPU = Release|Any CPU
	EndGlobalSection
	GlobalSection(ProjectConfigurationPlatforms) = postSolution
		{460FF3BB-233F-4A4C-9A40-A7C84500E952}.Debug|Any CPU.ActiveCfg = Debug|Any CPU
		{460FF3BB-233F-4A4C-9A40-A7C84500E952}.Debug|Any CPU.Build.0 = Debug|Any CPU
		{460FF3BB-233F-4A4C-9A40-A7C84500E952}.Release|Any CPU.ActiveCfg = Release|Any CPU
		{460FF3BB-233F-4A4C-9A40-A7C84500E952}.Release|Any CPU.Build.0 = Release|Any CPU
	EndGlobalSection
	GlobalSection(SolutionProperties) = preSolution
		HideSolutionNode = FALSE
	EndGlobalSection
	GlobalSection(ExtensibilityGlobals) = postSolution
		SolutionGuid = {D187BD60-7757-457E-986E-5038572CFC43}
	EndGlobalSection
EndGlobal
